// !$*UTF8*$!
{
	archiveVersion = 1;
	classes = {
	};
	objectVersion = 50;
	objects = {

/* Begin PBXBuildFile section */
		D76818C9242E7C8F00F45DFE /* AppDelegate.swift in Sources */ = {isa = PBXBuildFile; fileRef = D76818C8242E7C8F00F45DFE /* AppDelegate.swift */; };
		D76818CB242E7C8F00F45DFE /* SceneDelegate.swift in Sources */ = {isa = PBXBuildFile; fileRef = D76818CA242E7C8F00F45DFE /* SceneDelegate.swift */; };
		D76818CD242E7C8F00F45DFE /* ViewController.swift in Sources */ = {isa = PBXBuildFile; fileRef = D76818CC242E7C8F00F45DFE /* ViewController.swift */; };
		D76818D0242E7C8F00F45DFE /* Main.storyboard in Resources */ = {isa = PBXBuildFile; fileRef = D76818CE242E7C8F00F45DFE /* Main.storyboard */; };
		D76818D3242E7C8F00F45DFE /* GHUserList.xcdatamodeld in Sources */ = {isa = PBXBuildFile; fileRef = D76818D1242E7C8F00F45DFE /* GHUserList.xcdatamodeld */; };
		D76818D5242E7C9200F45DFE /* Assets.xcassets in Resources */ = {isa = PBXBuildFile; fileRef = D76818D4242E7C9200F45DFE /* Assets.xcassets */; };
		D76818D8242E7C9200F45DFE /* LaunchScreen.storyboard in Resources */ = {isa = PBXBuildFile; fileRef = D76818D6242E7C9200F45DFE /* LaunchScreen.storyboard */; };
		D76818E0242E801300F45DFE /* Router.swift in Sources */ = {isa = PBXBuildFile; fileRef = D76818DF242E801300F45DFE /* Router.swift */; };
		D76818E7242EC1AB00F45DFE /* Follower.swift in Sources */ = {isa = PBXBuildFile; fileRef = D76818E6242EC1AB00F45DFE /* Follower.swift */; };
		D76818E9242EC84000F45DFE /* AssemblyModelBuilder.swift in Sources */ = {isa = PBXBuildFile; fileRef = D76818E8242EC84000F45DFE /* AssemblyModelBuilder.swift */; };
		D76818EB242F4D5C00F45DFE /* MainPresenter.swift in Sources */ = {isa = PBXBuildFile; fileRef = D76818EA242F4D5C00F45DFE /* MainPresenter.swift */; };
		D76818ED242F565E00F45DFE /* User.swift in Sources */ = {isa = PBXBuildFile; fileRef = D76818EC242F565E00F45DFE /* User.swift */; };
		D76818EF242F56D400F45DFE /* NetworkService.swift in Sources */ = {isa = PBXBuildFile; fileRef = D76818EE242F56D400F45DFE /* NetworkService.swift */; };
		D76818F2242F6A2000F45DFE /* MainViewController.swift in Sources */ = {isa = PBXBuildFile; fileRef = D76818F0242F6A1F00F45DFE /* MainViewController.swift */; };
		D76818F3242F6A2000F45DFE /* MainViewController.xib in Resources */ = {isa = PBXBuildFile; fileRef = D76818F1242F6A2000F45DFE /* MainViewController.xib */; };
		D76818FC242F926400F45DFE /* DetailPresenter.swift in Sources */ = {isa = PBXBuildFile; fileRef = D76818FB242F926400F45DFE /* DetailPresenter.swift */; };
		D76818FF242F984800F45DFE /* DetailViewController.swift in Sources */ = {isa = PBXBuildFile; fileRef = D76818FD242F984800F45DFE /* DetailViewController.swift */; };
		D7681900242F984800F45DFE /* DetailViewController.xib in Resources */ = {isa = PBXBuildFile; fileRef = D76818FE242F984800F45DFE /* DetailViewController.xib */; };
		D7681908242F9C7B00F45DFE /* DetailCollectionViewCell.swift in Sources */ = {isa = PBXBuildFile; fileRef = D7681906242F9C7B00F45DFE /* DetailCollectionViewCell.swift */; };
		D7681909242F9C7B00F45DFE /* DetailCollectionViewCell.xib in Resources */ = {isa = PBXBuildFile; fileRef = D7681907242F9C7B00F45DFE /* DetailCollectionViewCell.xib */; };
/* End PBXBuildFile section */

/* Begin PBXFileReference section */
		D76818C5242E7C8F00F45DFE /* GHUserList.app */ = {isa = PBXFileReference; explicitFileType = wrapper.application; includeInIndex = 0; path = GHUserList.app; sourceTree = BUILT_PRODUCTS_DIR; };
		D76818C8242E7C8F00F45DFE /* AppDelegate.swift */ = {isa = PBXFileReference; lastKnownFileType = sourcecode.swift; path = AppDelegate.swift; sourceTree = "<group>"; };
		D76818CA242E7C8F00F45DFE /* SceneDelegate.swift */ = {isa = PBXFileReference; lastKnownFileType = sourcecode.swift; path = SceneDelegate.swift; sourceTree = "<group>"; };
		D76818CC242E7C8F00F45DFE /* ViewController.swift */ = {isa = PBXFileReference; lastKnownFileType = sourcecode.swift; path = ViewController.swift; sourceTree = "<group>"; };
		D76818CF242E7C8F00F45DFE /* Base */ = {isa = PBXFileReference; lastKnownFileType = file.storyboard; name = Base; path = Base.lproj/Main.storyboard; sourceTree = "<group>"; };
		D76818D2242E7C8F00F45DFE /* GHUserList.xcdatamodel */ = {isa = PBXFileReference; lastKnownFileType = wrapper.xcdatamodel; path = GHUserList.xcdatamodel; sourceTree = "<group>"; };
		D76818D4242E7C9200F45DFE /* Assets.xcassets */ = {isa = PBXFileReference; lastKnownFileType = folder.assetcatalog; path = Assets.xcassets; sourceTree = "<group>"; };
		D76818D7242E7C9200F45DFE /* Base */ = {isa = PBXFileReference; lastKnownFileType = file.storyboard; name = Base; path = Base.lproj/LaunchScreen.storyboard; sourceTree = "<group>"; };
		D76818D9242E7C9200F45DFE /* Info.plist */ = {isa = PBXFileReference; lastKnownFileType = text.plist.xml; path = Info.plist; sourceTree = "<group>"; };
		D76818DF242E801300F45DFE /* Router.swift */ = {isa = PBXFileReference; lastKnownFileType = sourcecode.swift; path = Router.swift; sourceTree = "<group>"; };
		D76818E6242EC1AB00F45DFE /* Follower.swift */ = {isa = PBXFileReference; lastKnownFileType = sourcecode.swift; path = Follower.swift; sourceTree = "<group>"; };
		D76818E8242EC84000F45DFE /* AssemblyModelBuilder.swift */ = {isa = PBXFileReference; lastKnownFileType = sourcecode.swift; path = AssemblyModelBuilder.swift; sourceTree = "<group>"; };
		D76818EA242F4D5C00F45DFE /* MainPresenter.swift */ = {isa = PBXFileReference; lastKnownFileType = sourcecode.swift; path = MainPresenter.swift; sourceTree = "<group>"; };
		D76818EC242F565E00F45DFE /* User.swift */ = {isa = PBXFileReference; lastKnownFileType = sourcecode.swift; path = User.swift; sourceTree = "<group>"; };
		D76818EE242F56D400F45DFE /* NetworkService.swift */ = {isa = PBXFileReference; lastKnownFileType = sourcecode.swift; path = NetworkService.swift; sourceTree = "<group>"; };
		D76818F0242F6A1F00F45DFE /* MainViewController.swift */ = {isa = PBXFileReference; lastKnownFileType = sourcecode.swift; path = MainViewController.swift; sourceTree = "<group>"; };
		D76818F1242F6A2000F45DFE /* MainViewController.xib */ = {isa = PBXFileReference; lastKnownFileType = file.xib; path = MainViewController.xib; sourceTree = "<group>"; };
		D76818FB242F926400F45DFE /* DetailPresenter.swift */ = {isa = PBXFileReference; lastKnownFileType = sourcecode.swift; path = DetailPresenter.swift; sourceTree = "<group>"; };
		D76818FD242F984800F45DFE /* DetailViewController.swift */ = {isa = PBXFileReference; lastKnownFileType = sourcecode.swift; path = DetailViewController.swift; sourceTree = "<group>"; };
		D76818FE242F984800F45DFE /* DetailViewController.xib */ = {isa = PBXFileReference; lastKnownFileType = file.xib; path = DetailViewController.xib; sourceTree = "<group>"; };
		D7681906242F9C7B00F45DFE /* DetailCollectionViewCell.swift */ = {isa = PBXFileReference; lastKnownFileType = sourcecode.swift; path = DetailCollectionViewCell.swift; sourceTree = "<group>"; };
		D7681907242F9C7B00F45DFE /* DetailCollectionViewCell.xib */ = {isa = PBXFileReference; lastKnownFileType = file.xib; path = DetailCollectionViewCell.xib; sourceTree = "<group>"; };
/* End PBXFileReference section */

/* Begin PBXFrameworksBuildPhase section */
		D76818C2242E7C8F00F45DFE /* Frameworks */ = {
			isa = PBXFrameworksBuildPhase;
			buildActionMask = 2147483647;
			files = (
			);
			runOnlyForDeploymentPostprocessing = 0;
		};
/* End PBXFrameworksBuildPhase section */

/* Begin PBXGroup section */
		D76818BC242E7C8F00F45DFE = {
			isa = PBXGroup;
			children = (
				D76818C7242E7C8F00F45DFE /* GHUserList */,
				D76818C6242E7C8F00F45DFE /* Products */,
			);
			sourceTree = "<group>";
		};
		D76818C6242E7C8F00F45DFE /* Products */ = {
			isa = PBXGroup;
			children = (
				D76818C5242E7C8F00F45DFE /* GHUserList.app */,
			);
			name = Products;
			sourceTree = "<group>";
		};
		D76818C7242E7C8F00F45DFE /* GHUserList */ = {
			isa = PBXGroup;
			children = (
				D76818DF242E801300F45DFE /* Router.swift */,
				D76818E8242EC84000F45DFE /* AssemblyModelBuilder.swift */,
				D76818E1242E811C00F45DFE /* MainModule */,
				D76818F7242F8FCD00F45DFE /* DetailModule */,
				D76818F6242F8C0800F45DFE /* Supporting files */,
				D76818D9242E7C9200F45DFE /* Info.plist */,
				D76818D1242E7C8F00F45DFE /* GHUserList.xcdatamodeld */,
			);
			path = GHUserList;
			sourceTree = "<group>";
		};
		D76818E1242E811C00F45DFE /* MainModule */ = {
			isa = PBXGroup;
			children = (
				D76818E2242E812400F45DFE /* Model */,
				D76818E3242E813600F45DFE /* View */,
				D76818E4242E813A00F45DFE /* Presenter */,
				D76818E5242E814800F45DFE /* ServiceLayer */,
			);
			path = MainModule;
			sourceTree = "<group>";
		};
		D76818E2242E812400F45DFE /* Model */ = {
			isa = PBXGroup;
			children = (
				D76818EC242F565E00F45DFE /* User.swift */,
			);
			path = Model;
			sourceTree = "<group>";
		};
		D76818E3242E813600F45DFE /* View */ = {
			isa = PBXGroup;
			children = (
				D76818F0242F6A1F00F45DFE /* MainViewController.swift */,
				D76818F1242F6A2000F45DFE /* MainViewController.xib */,
			);
			path = View;
			sourceTree = "<group>";
		};
		D76818E4242E813A00F45DFE /* Presenter */ = {
			isa = PBXGroup;
			children = (
				D76818EA242F4D5C00F45DFE /* MainPresenter.swift */,
			);
			path = Presenter;
			sourceTree = "<group>";
		};
		D76818E5242E814800F45DFE /* ServiceLayer */ = {
			isa = PBXGroup;
			children = (
				D76818EE242F56D400F45DFE /* NetworkService.swift */,
			);
			path = ServiceLayer;
			sourceTree = "<group>";
		};
		D76818F6242F8C0800F45DFE /* Supporting files */ = {
			isa = PBXGroup;
			children = (
				D76818C8242E7C8F00F45DFE /* AppDelegate.swift */,
				D76818CA242E7C8F00F45DFE /* SceneDelegate.swift */,
				D76818CC242E7C8F00F45DFE /* ViewController.swift */,
				D76818CE242E7C8F00F45DFE /* Main.storyboard */,
				D76818D4242E7C9200F45DFE /* Assets.xcassets */,
				D76818D6242E7C9200F45DFE /* LaunchScreen.storyboard */,
			);
			path = "Supporting files";
			sourceTree = "<group>";
		};
		D76818F7242F8FCD00F45DFE /* DetailModule */ = {
			isa = PBXGroup;
			children = (
				D76818FA242F8FF900F45DFE /* Model */,
				D76818F9242F8FE800F45DFE /* View */,
				D76818F8242F8FE200F45DFE /* Presenter */,
			);
			path = DetailModule;
			sourceTree = "<group>";
		};
		D76818F8242F8FE200F45DFE /* Presenter */ = {
			isa = PBXGroup;
			children = (
				D76818FB242F926400F45DFE /* DetailPresenter.swift */,
			);
			path = Presenter;
			sourceTree = "<group>";
		};
		D76818F9242F8FE800F45DFE /* View */ = {
			isa = PBXGroup;
			children = (
				D7681901242F9A9600F45DFE /* Cell */,
				D76818FD242F984800F45DFE /* DetailViewController.swift */,
				D76818FE242F984800F45DFE /* DetailViewController.xib */,
			);
			path = View;
			sourceTree = "<group>";
		};
		D76818FA242F8FF900F45DFE /* Model */ = {
			isa = PBXGroup;
			children = (
				D76818E6242EC1AB00F45DFE /* Follower.swift */,
			);
			path = Model;
			sourceTree = "<group>";
		};
		D7681901242F9A9600F45DFE /* Cell */ = {
			isa = PBXGroup;
			children = (
				D7681906242F9C7B00F45DFE /* DetailCollectionViewCell.swift */,
				D7681907242F9C7B00F45DFE /* DetailCollectionViewCell.xib */,
			);
			path = Cell;
			sourceTree = "<group>";
		};
/* End PBXGroup section */

/* Begin PBXNativeTarget section */
		D76818C4242E7C8F00F45DFE /* GHUserList */ = {
			isa = PBXNativeTarget;
			buildConfigurationList = D76818DC242E7C9200F45DFE /* Build configuration list for PBXNativeTarget "GHUserList" */;
			buildPhases = (
				D76818C1242E7C8F00F45DFE /* Sources */,
				D76818C2242E7C8F00F45DFE /* Frameworks */,
				D76818C3242E7C8F00F45DFE /* Resources */,
			);
			buildRules = (
			);
			dependencies = (
			);
			name = GHUserList;
			productName = GHUserList;
			productReference = D76818C5242E7C8F00F45DFE /* GHUserList.app */;
			productType = "com.apple.product-type.application";
		};
/* End PBXNativeTarget section */

/* Begin PBXProject section */
		D76818BD242E7C8F00F45DFE /* Project object */ = {
			isa = PBXProject;
			attributes = {
				LastSwiftUpdateCheck = 1130;
				LastUpgradeCheck = 1130;
				ORGANIZATIONNAME = wtildestar;
				TargetAttributes = {
					D76818C4242E7C8F00F45DFE = {
						CreatedOnToolsVersion = 11.3.1;
					};
				};
			};
			buildConfigurationList = D76818C0242E7C8F00F45DFE /* Build configuration list for PBXProject "GHUserList" */;
			compatibilityVersion = "Xcode 9.3";
			developmentRegion = en;
			hasScannedForEncodings = 0;
			knownRegions = (
				en,
				Base,
			);
			mainGroup = D76818BC242E7C8F00F45DFE;
			productRefGroup = D76818C6242E7C8F00F45DFE /* Products */;
			projectDirPath = "";
			projectRoot = "";
			targets = (
				D76818C4242E7C8F00F45DFE /* GHUserList */,
			);
		};
/* End PBXProject section */

/* Begin PBXResourcesBuildPhase section */
		D76818C3242E7C8F00F45DFE /* Resources */ = {
			isa = PBXResourcesBuildPhase;
			buildActionMask = 2147483647;
			files = (
				D76818D8242E7C9200F45DFE /* LaunchScreen.storyboard in Resources */,
				D76818D5242E7C9200F45DFE /* Assets.xcassets in Resources */,
				D7681900242F984800F45DFE /* DetailViewController.xib in Resources */,
				D7681909242F9C7B00F45DFE /* DetailCollectionViewCell.xib in Resources */,
				D76818D0242E7C8F00F45DFE /* Main.storyboard in Resources */,
				D76818F3242F6A2000F45DFE /* MainViewController.xib in Resources */,
			);
			runOnlyForDeploymentPostprocessing = 0;
		};
/* End PBXResourcesBuildPhase section */

/* Begin PBXSourcesBuildPhase section */
		D76818C1242E7C8F00F45DFE /* Sources */ = {
			isa = PBXSourcesBuildPhase;
			buildActionMask = 2147483647;
			files = (
				D76818FF242F984800F45DFE /* DetailViewController.swift in Sources */,
				D76818EF242F56D400F45DFE /* NetworkService.swift in Sources */,
				D76818F2242F6A2000F45DFE /* MainViewController.swift in Sources */,
				D76818CD242E7C8F00F45DFE /* ViewController.swift in Sources */,
				D76818E7242EC1AB00F45DFE /* Follower.swift in Sources */,
				D76818D3242E7C8F00F45DFE /* GHUserList.xcdatamodeld in Sources */,
				D76818EB242F4D5C00F45DFE /* MainPresenter.swift in Sources */,
				D7681908242F9C7B00F45DFE /* DetailCollectionViewCell.swift in Sources */,
				D76818E9242EC84000F45DFE /* AssemblyModelBuilder.swift in Sources */,
				D76818ED242F565E00F45DFE /* User.swift in Sources */,
				D76818E0242E801300F45DFE /* Router.swift in Sources */,
				D76818C9242E7C8F00F45DFE /* AppDelegate.swift in Sources */,
				D76818CB242E7C8F00F45DFE /* SceneDelegate.swift in Sources */,
				D76818FC242F926400F45DFE /* DetailPresenter.swift in Sources */,
			);
			runOnlyForDeploymentPostprocessing = 0;
		};
/* End PBXSourcesBuildPhase section */

/* Begin PBXVariantGroup section */
		D76818CE242E7C8F00F45DFE /* Main.storyboard */ = {
			isa = PBXVariantGroup;
			children = (
				D76818CF242E7C8F00F45DFE /* Base */,
			);
			name = Main.storyboard;
			sourceTree = "<group>";
		};
		D76818D6242E7C9200F45DFE /* LaunchScreen.storyboard */ = {
			isa = PBXVariantGroup;
			children = (
				D76818D7242E7C9200F45DFE /* Base */,
			);
			name = LaunchScreen.storyboard;
			sourceTree = "<group>";
		};
/* End PBXVariantGroup section */

/* Begin XCBuildConfiguration section */
		D76818DA242E7C9200F45DFE /* Debug */ = {
			isa = XCBuildConfiguration;
			buildSettings = {
				ALWAYS_SEARCH_USER_PATHS = NO;
				CLANG_ANALYZER_NONNULL = YES;
				CLANG_ANALYZER_NUMBER_OBJECT_CONVERSION = YES_AGGRESSIVE;
				CLANG_CXX_LANGUAGE_STANDARD = "gnu++14";
				CLANG_CXX_LIBRARY = "libc++";
				CLANG_ENABLE_MODULES = YES;
				CLANG_ENABLE_OBJC_ARC = YES;
				CLANG_ENABLE_OBJC_WEAK = YES;
				CLANG_WARN_BLOCK_CAPTURE_AUTORELEASING = YES;
				CLANG_WARN_BOOL_CONVERSION = YES;
				CLANG_WARN_COMMA = YES;
				CLANG_WARN_CONSTANT_CONVERSION = YES;
				CLANG_WARN_DEPRECATED_OBJC_IMPLEMENTATIONS = YES;
				CLANG_WARN_DIRECT_OBJC_ISA_USAGE = YES_ERROR;
				CLANG_WARN_DOCUMENTATION_COMMENTS = YES;
				CLANG_WARN_EMPTY_BODY = YES;
				CLANG_WARN_ENUM_CONVERSION = YES;
				CLANG_WARN_INFINITE_RECURSION = YES;
				CLANG_WARN_INT_CONVERSION = YES;
				CLANG_WARN_NON_LITERAL_NULL_CONVERSION = YES;
				CLANG_WARN_OBJC_IMPLICIT_RETAIN_SELF = YES;
				CLANG_WARN_OBJC_LITERAL_CONVERSION = YES;
				CLANG_WARN_OBJC_ROOT_CLASS = YES_ERROR;
				CLANG_WARN_RANGE_LOOP_ANALYSIS = YES;
				CLANG_WARN_STRICT_PROTOTYPES = YES;
				CLANG_WARN_SUSPICIOUS_MOVE = YES;
				CLANG_WARN_UNGUARDED_AVAILABILITY = YES_AGGRESSIVE;
				CLANG_WARN_UNREACHABLE_CODE = YES;
				CLANG_WARN__DUPLICATE_METHOD_MATCH = YES;
				COPY_PHASE_STRIP = NO;
				DEBUG_INFORMATION_FORMAT = dwarf;
				ENABLE_STRICT_OBJC_MSGSEND = YES;
				ENABLE_TESTABILITY = YES;
				GCC_C_LANGUAGE_STANDARD = gnu11;
				GCC_DYNAMIC_NO_PIC = NO;
				GCC_NO_COMMON_BLOCKS = YES;
				GCC_OPTIMIZATION_LEVEL = 0;
				GCC_PREPROCESSOR_DEFINITIONS = (
					"DEBUG=1",
					"$(inherited)",
				);
				GCC_WARN_64_TO_32_BIT_CONVERSION = YES;
				GCC_WARN_ABOUT_RETURN_TYPE = YES_ERROR;
				GCC_WARN_UNDECLARED_SELECTOR = YES;
				GCC_WARN_UNINITIALIZED_AUTOS = YES_AGGRESSIVE;
				GCC_WARN_UNUSED_FUNCTION = YES;
				GCC_WARN_UNUSED_VARIABLE = YES;
				IPHONEOS_DEPLOYMENT_TARGET = 13.2;
				MTL_ENABLE_DEBUG_INFO = INCLUDE_SOURCE;
				MTL_FAST_MATH = YES;
				ONLY_ACTIVE_ARCH = YES;
				SDKROOT = iphoneos;
				SWIFT_ACTIVE_COMPILATION_CONDITIONS = DEBUG;
				SWIFT_OPTIMIZATION_LEVEL = "-Onone";
			};
			name = Debug;
		};
		D76818DB242E7C9200F45DFE /* Release */ = {
			isa = XCBuildConfiguration;
			buildSettings = {
				ALWAYS_SEARCH_USER_PATHS = NO;
				CLANG_ANALYZER_NONNULL = YES;
				CLANG_ANALYZER_NUMBER_OBJECT_CONVERSION = YES_AGGRESSIVE;
				CLANG_CXX_LANGUAGE_STANDARD = "gnu++14";
				CLANG_CXX_LIBRARY = "libc++";
				CLANG_ENABLE_MODULES = YES;
				CLANG_ENABLE_OBJC_ARC = YES;
				CLANG_ENABLE_OBJC_WEAK = YES;
				CLANG_WARN_BLOCK_CAPTURE_AUTORELEASING = YES;
				CLANG_WARN_BOOL_CONVERSION = YES;
				CLANG_WARN_COMMA = YES;
				CLANG_WARN_CONSTANT_CONVERSION = YES;
				CLANG_WARN_DEPRECATED_OBJC_IMPLEMENTATIONS = YES;
				CLANG_WARN_DIRECT_OBJC_ISA_USAGE = YES_ERROR;
				CLANG_WARN_DOCUMENTATION_COMMENTS = YES;
				CLANG_WARN_EMPTY_BODY = YES;
				CLANG_WARN_ENUM_CONVERSION = YES;
				CLANG_WARN_INFINITE_RECURSION = YES;
				CLANG_WARN_INT_CONVERSION = YES;
				CLANG_WARN_NON_LITERAL_NULL_CONVERSION = YES;
				CLANG_WARN_OBJC_IMPLICIT_RETAIN_SELF = YES;
				CLANG_WARN_OBJC_LITERAL_CONVERSION = YES;
				CLANG_WARN_OBJC_ROOT_CLASS = YES_ERROR;
				CLANG_WARN_RANGE_LOOP_ANALYSIS = YES;
				CLANG_WARN_STRICT_PROTOTYPES = YES;
				CLANG_WARN_SUSPICIOUS_MOVE = YES;
				CLANG_WARN_UNGUARDED_AVAILABILITY = YES_AGGRESSIVE;
				CLANG_WARN_UNREACHABLE_CODE = YES;
				CLANG_WARN__DUPLICATE_METHOD_MATCH = YES;
				COPY_PHASE_STRIP = NO;
				DEBUG_INFORMATION_FORMAT = "dwarf-with-dsym";
				ENABLE_NS_ASSERTIONS = NO;
				ENABLE_STRICT_OBJC_MSGSEND = YES;
				GCC_C_LANGUAGE_STANDARD = gnu11;
				GCC_NO_COMMON_BLOCKS = YES;
				GCC_WARN_64_TO_32_BIT_CONVERSION = YES;
				GCC_WARN_ABOUT_RETURN_TYPE = YES_ERROR;
				GCC_WARN_UNDECLARED_SELECTOR = YES;
				GCC_WARN_UNINITIALIZED_AUTOS = YES_AGGRESSIVE;
				GCC_WARN_UNUSED_FUNCTION = YES;
				GCC_WARN_UNUSED_VARIABLE = YES;
				IPHONEOS_DEPLOYMENT_TARGET = 13.2;
				MTL_ENABLE_DEBUG_INFO = NO;
				MTL_FAST_MATH = YES;
				SDKROOT = iphoneos;
				SWIFT_COMPILATION_MODE = wholemodule;
				SWIFT_OPTIMIZATION_LEVEL = "-O";
				VALIDATE_PRODUCT = YES;
			};
			name = Release;
		};
		D76818DD242E7C9200F45DFE /* Debug */ = {
			isa = XCBuildConfiguration;
			buildSettings = {
				ASSETCATALOG_COMPILER_APPICON_NAME = AppIcon;
				CODE_SIGN_STYLE = Automatic;
				DEVELOPMENT_TEAM = MYWL92898Y;
				INFOPLIST_FILE = GHUserList/Info.plist;
				LD_RUNPATH_SEARCH_PATHS = (
					"$(inherited)",
					"@executable_path/Frameworks",
				);
				PRODUCT_BUNDLE_IDENTIFIER = com.wtildestar.GHUserList;
				PRODUCT_NAME = "$(TARGET_NAME)";
				SWIFT_VERSION = 5.0;
				TARGETED_DEVICE_FAMILY = "1,2";
			};
			name = Debug;
		};
		D76818DE242E7C9200F45DFE /* Release */ = {
			isa = XCBuildConfiguration;
			buildSettings = {
				ASSETCATALOG_COMPILER_APPICON_NAME = AppIcon;
				CODE_SIGN_STYLE = Automatic;
				DEVELOPMENT_TEAM = MYWL92898Y;
				INFOPLIST_FILE = GHUserList/Info.plist;
				LD_RUNPATH_SEARCH_PATHS = (
					"$(inherited)",
					"@executable_path/Frameworks",
				);
				PRODUCT_BUNDLE_IDENTIFIER = com.wtildestar.GHUserList;
				PRODUCT_NAME = "$(TARGET_NAME)";
				SWIFT_VERSION = 5.0;
				TARGETED_DEVICE_FAMILY = "1,2";
			};
			name = Release;
		};
/* End XCBuildConfiguration section */

/* Begin XCConfigurationList section */
		D76818C0242E7C8F00F45DFE /* Build configuration list for PBXProject "GHUserList" */ = {
			isa = XCConfigurationList;
			buildConfigurations = (
				D76818DA242E7C9200F45DFE /* Debug */,
				D76818DB242E7C9200F45DFE /* Release */,
			);
			defaultConfigurationIsVisible = 0;
			defaultConfigurationName = Release;
		};
		D76818DC242E7C9200F45DFE /* Build configuration list for PBXNativeTarget "GHUserList" */ = {
			isa = XCConfigurationList;
			buildConfigurations = (
				D76818DD242E7C9200F45DFE /* Debug */,
				D76818DE242E7C9200F45DFE /* Release */,
			);
			defaultConfigurationIsVisible = 0;
			defaultConfigurationName = Release;
		};
/* End XCConfigurationList section */

/* Begin XCVersionGroup section */
		D76818D1242E7C8F00F45DFE /* GHUserList.xcdatamodeld */ = {
			isa = XCVersionGroup;
			children = (
				D76818D2242E7C8F00F45DFE /* GHUserList.xcdatamodel */,
			);
			currentVersion = D76818D2242E7C8F00F45DFE /* GHUserList.xcdatamodel */;
			path = GHUserList.xcdatamodeld;
			sourceTree = "<group>";
			versionGroupType = wrapper.xcdatamodel;
		};
/* End XCVersionGroup section */
	};
	rootObject = D76818BD242E7C8F00F45DFE /* Project object */;
}
